
Microsoft Visual Studio Solution File, Format Version 12.00
# Visual Studio 15
VisualStudioVersion = 15.0.27703.2042
MinimumVisualStudioVersion = 10.0.40219.1
Project("{9A19103F-16F7-4668-BE54-9A1E7A4F7556}") = "Euler3a", "Euler3a\Euler3a.csproj", "{5C5A9F43-401A-4E6B-9278-FFD2A8F8A5A9}"
EndProject
Project("{FAE04EC0-301F-11D3-BF4B-00C04F79EFBC}") = "Euler3aTest", "Euler3aTest\Euler3aTest.csproj", "{16730A7A-F134-4D08-9CDB-516052FA17DA}"
EndProject
Global
	GlobalSection(SolutionConfigurationPlatforms) = preSolution
		Debug|Any CPU = Debug|Any CPU
		Release|Any CPU = Release|Any CPU
	EndGlobalSection
	GlobalSection(ProjectConfigurationPlatforms) = postSolution
		{5C5A9F43-401A-4E6B-9278-FFD2A8F8A5A9}.Debug|Any CPU.ActiveCfg = Debug|Any CPU
		{5C5A9F43-401A-4E6B-9278-FFD2A8F8A5A9}.Debug|Any CPU.Build.0 = Debug|Any CPU
		{5C5A9F43-401A-4E6B-9278-FFD2A8F8A5A9}.Release|Any CPU.ActiveCfg = Release|Any CPU
		{5C5A9F43-401A-4E6B-9278-FFD2A8F8A5A9}.Release|Any CPU.Build.0 = Release|Any CPU
		{16730A7A-F134-4D08-9CDB-516052FA17DA}.Debug|Any CPU.ActiveCfg = Debug|Any CPU
		{16730A7A-F134-4D08-9CDB-516052FA17DA}.Debug|Any CPU.Build.0 = Debug|Any CPU
		{16730A7A-F134-4D08-9CDB-516052FA17DA}.Release|Any CPU.ActiveCfg = Release|Any CPU
		{16730A7A-F134-4D08-9CDB-516052FA17DA}.Release|Any CPU.Build.0 = Release|Any CPU
	EndGlobalSection
	GlobalSection(SolutionProperties) = preSolution
		HideSolutionNode = FALSE
	EndGlobalSection
	GlobalSection(ExtensibilityGlobals) = postSolution
		SolutionGuid = {30B048A5-24FF-497E-BCDE-357A17E3B9BD}
	EndGlobalSection
EndGlobal
