
Microsoft Visual Studio Solution File, Format Version 12.00
# Visual Studio 15
VisualStudioVersion = 15.0.27703.2042
MinimumVisualStudioVersion = 10.0.40219.1
Project("{FAE04EC0-301F-11D3-BF4B-00C04F79EFBC}") = "Euler2", "Euler2\Euler2.csproj", "{7FBF19A2-5BCF-4084-9F3C-4048CAF00BD9}"
EndProject
Global
	GlobalSection(SolutionConfigurationPlatforms) = preSolution
		Debug|Any CPU = Debug|Any CPU
		Release|Any CPU = Release|Any CPU
	EndGlobalSection
	GlobalSection(ProjectConfigurationPlatforms) = postSolution
		{7FBF19A2-5BCF-4084-9F3C-4048CAF00BD9}.Debug|Any CPU.ActiveCfg = Debug|Any CPU
		{7FBF19A2-5BCF-4084-9F3C-4048CAF00BD9}.Debug|Any CPU.Build.0 = Debug|Any CPU
		{7FBF19A2-5BCF-4084-9F3C-4048CAF00BD9}.Release|Any CPU.ActiveCfg = Release|Any CPU
		{7FBF19A2-5BCF-4084-9F3C-4048CAF00BD9}.Release|Any CPU.Build.0 = Release|Any CPU
	EndGlobalSection
	GlobalSection(SolutionProperties) = preSolution
		HideSolutionNode = FALSE
	EndGlobalSection
	GlobalSection(ExtensibilityGlobals) = postSolution
		SolutionGuid = {2019BDEF-628D-453C-809E-08D3DB6F2DF8}
	EndGlobalSection
EndGlobal
